
Microsoft Visual Studio Solution File, Format Version 12.00
# Visual Studio Version 17
VisualStudioVersion = 17.9.34728.123
MinimumVisualStudioVersion = 10.0.40219.1
Project("{2150E333-8FDC-42A3-9474-1A3956D46DE8}") = "src", "src", "{18EFF43F-D1D9-45F2-B68D-9992427C7B61}"
EndProject
Project("{2150E333-8FDC-42A3-9474-1A3956D46DE8}") = "tests", "tests", "{987A63EC-1CDA-45E6-A6A7-8BFA4471711A}"
EndProject
Project("{9A19103F-16F7-4668-BE54-9A1E7A4F7556}") = "GscareApiAspNetCore.Api", "src\GscareApiAspNetCore.Api\GscareApiAspNetCore.Api.csproj", "{00CEACD9-E4E5-4D81-973F-8668C4F6BF45}"
EndProject
Project("{9A19103F-16F7-4668-BE54-9A1E7A4F7556}") = "GscareApiAspNetCore.Domain", "src\GscareApiAspNetCore.Domain\GscareApiAspNetCore.Domain.csproj", "{790AD035-369E-4B1C-8408-658CD202F78A}"
EndProject
Project("{9A19103F-16F7-4668-BE54-9A1E7A4F7556}") = "GscareApiAspNetCore.Application", "src\GscareApiAspNetCore.Application\GscareApiAspNetCore.Application.csproj", "{92FBABC7-8D24-499C-9748-C83A8B274ECC}"
EndProject
Project("{9A19103F-16F7-4668-BE54-9A1E7A4F7556}") = "GscareApiAspNetCore.Communication", "src\GscareApiAspNetCore.Communication\GscareApiAspNetCore.Communication.csproj", "{E4E31730-C888-4A96-AB08-870F92C0EB06}"
EndProject
Project("{9A19103F-16F7-4668-BE54-9A1E7A4F7556}") = "GscareApiAspNetCore.Exception", "src\GscareApiAspNetCore.Exception\GscareApiAspNetCore.Exception.csproj", "{124293DA-BBEF-433E-AEE6-41EF9E6EBB98}"
EndProject
Project("{9A19103F-16F7-4668-BE54-9A1E7A4F7556}") = "GscareApiAspNetCore.Infrastructure", "src\GscareApiAspNetCore.Infrastructure\GscareApiAspNetCore.Infrastructure.csproj", "{02C581EC-3616-45C9-970E-8513D3008EE3}"
EndProject
Project("{9A19103F-16F7-4668-BE54-9A1E7A4F7556}") = "Validators.Test", "tests\Validators.Test\Validators.Test.csproj", "{700CD65B-15D3-4412-8FD6-2A60269106F9}"
EndProject
Project("{9A19103F-16F7-4668-BE54-9A1E7A4F7556}") = "CommonTestUtils", "tests\CommonTestUtils\CommonTestUtils.csproj", "{883547C5-9529-4733-BF49-97CD879BCEAF}"
EndProject
Global
	GlobalSection(SolutionConfigurationPlatforms) = preSolution
		Debug|Any CPU = Debug|Any CPU
		Release|Any CPU = Release|Any CPU
	EndGlobalSection
	GlobalSection(ProjectConfigurationPlatforms) = postSolution
		{00CEACD9-E4E5-4D81-973F-8668C4F6BF45}.Debug|Any CPU.ActiveCfg = Debug|Any CPU
		{00CEACD9-E4E5-4D81-973F-8668C4F6BF45}.Debug|Any CPU.Build.0 = Debug|Any CPU
		{00CEACD9-E4E5-4D81-973F-8668C4F6BF45}.Release|Any CPU.ActiveCfg = Release|Any CPU
		{00CEACD9-E4E5-4D81-973F-8668C4F6BF45}.Release|Any CPU.Build.0 = Release|Any CPU
		{790AD035-369E-4B1C-8408-658CD202F78A}.Debug|Any CPU.ActiveCfg = Debug|Any CPU
		{790AD035-369E-4B1C-8408-658CD202F78A}.Debug|Any CPU.Build.0 = Debug|Any CPU
		{790AD035-369E-4B1C-8408-658CD202F78A}.Release|Any CPU.ActiveCfg = Release|Any CPU
		{790AD035-369E-4B1C-8408-658CD202F78A}.Release|Any CPU.Build.0 = Release|Any CPU
		{92FBABC7-8D24-499C-9748-C83A8B274ECC}.Debug|Any CPU.ActiveCfg = Debug|Any CPU
		{92FBABC7-8D24-499C-9748-C83A8B274ECC}.Debug|Any CPU.Build.0 = Debug|Any CPU
		{92FBABC7-8D24-499C-9748-C83A8B274ECC}.Release|Any CPU.ActiveCfg = Release|Any CPU
		{92FBABC7-8D24-499C-9748-C83A8B274ECC}.Release|Any CPU.Build.0 = Release|Any CPU
		{E4E31730-C888-4A96-AB08-870F92C0EB06}.Debug|Any CPU.ActiveCfg = Debug|Any CPU
		{E4E31730-C888-4A96-AB08-870F92C0EB06}.Debug|Any CPU.Build.0 = Debug|Any CPU
		{E4E31730-C888-4A96-AB08-870F92C0EB06}.Release|Any CPU.ActiveCfg = Release|Any CPU
		{E4E31730-C888-4A96-AB08-870F92C0EB06}.Release|Any CPU.Build.0 = Release|Any CPU
		{124293DA-BBEF-433E-AEE6-41EF9E6EBB98}.Debug|Any CPU.ActiveCfg = Debug|Any CPU
		{124293DA-BBEF-433E-AEE6-41EF9E6EBB98}.Debug|Any CPU.Build.0 = Debug|Any CPU
		{124293DA-BBEF-433E-AEE6-41EF9E6EBB98}.Release|Any CPU.ActiveCfg = Release|Any CPU
		{124293DA-BBEF-433E-AEE6-41EF9E6EBB98}.Release|Any CPU.Build.0 = Release|Any CPU
		{02C581EC-3616-45C9-970E-8513D3008EE3}.Debug|Any CPU.ActiveCfg = Debug|Any CPU
		{02C581EC-3616-45C9-970E-8513D3008EE3}.Debug|Any CPU.Build.0 = Debug|Any CPU
		{02C581EC-3616-45C9-970E-8513D3008EE3}.Release|Any CPU.ActiveCfg = Release|Any CPU
		{02C581EC-3616-45C9-970E-8513D3008EE3}.Release|Any CPU.Build.0 = Release|Any CPU
		{700CD65B-15D3-4412-8FD6-2A60269106F9}.Debug|Any CPU.ActiveCfg = Debug|Any CPU
		{700CD65B-15D3-4412-8FD6-2A60269106F9}.Debug|Any CPU.Build.0 = Debug|Any CPU
		{700CD65B-15D3-4412-8FD6-2A60269106F9}.Release|Any CPU.ActiveCfg = Release|Any CPU
		{700CD65B-15D3-4412-8FD6-2A60269106F9}.Release|Any CPU.Build.0 = Release|Any CPU
		{883547C5-9529-4733-BF49-97CD879BCEAF}.Debug|Any CPU.ActiveCfg = Debug|Any CPU
		{883547C5-9529-4733-BF49-97CD879BCEAF}.Debug|Any CPU.Build.0 = Debug|Any CPU
		{883547C5-9529-4733-BF49-97CD879BCEAF}.Release|Any CPU.ActiveCfg = Release|Any CPU
		{883547C5-9529-4733-BF49-97CD879BCEAF}.Release|Any CPU.Build.0 = Release|Any CPU
	EndGlobalSection
	GlobalSection(SolutionProperties) = preSolution
		HideSolutionNode = FALSE
	EndGlobalSection
	GlobalSection(NestedProjects) = preSolution
		{00CEACD9-E4E5-4D81-973F-8668C4F6BF45} = {18EFF43F-D1D9-45F2-B68D-9992427C7B61}
		{790AD035-369E-4B1C-8408-658CD202F78A} = {18EFF43F-D1D9-45F2-B68D-9992427C7B61}
		{92FBABC7-8D24-499C-9748-C83A8B274ECC} = {18EFF43F-D1D9-45F2-B68D-9992427C7B61}
		{E4E31730-C888-4A96-AB08-870F92C0EB06} = {18EFF43F-D1D9-45F2-B68D-9992427C7B61}
		{124293DA-BBEF-433E-AEE6-41EF9E6EBB98} = {18EFF43F-D1D9-45F2-B68D-9992427C7B61}
		{02C581EC-3616-45C9-970E-8513D3008EE3} = {18EFF43F-D1D9-45F2-B68D-9992427C7B61}
		{700CD65B-15D3-4412-8FD6-2A60269106F9} = {987A63EC-1CDA-45E6-A6A7-8BFA4471711A}
		{883547C5-9529-4733-BF49-97CD879BCEAF} = {987A63EC-1CDA-45E6-A6A7-8BFA4471711A}
	EndGlobalSection
	GlobalSection(ExtensibilityGlobals) = postSolution
		SolutionGuid = {31FE2220-889F-4075-8296-9B3F93F66597}
	EndGlobalSection
EndGlobal
